
Microsoft Visual Studio Solution File, Format Version 12.00
# Visual Studio Version 17
VisualStudioVersion = 17.9.34607.119
MinimumVisualStudioVersion = 10.0.40219.1
Project("{9A19103F-16F7-4668-BE54-9A1E7A4F7556}") = "SuperShop", "SuperShop\SuperShop.csproj", "{BA9B8D64-2A1B-48A8-9906-D7CED92CA92E}"
EndProject
Project("{FAE04EC0-301F-11D3-BF4B-00C04F79EFBC}") = "SuperShopMobile", "SuperShopMobile\SuperShopMobile\SuperShopMobile.csproj", "{2BD0F79F-4C42-49B2-B746-C02308006D3F}"
EndProject
Project("{FAE04EC0-301F-11D3-BF4B-00C04F79EFBC}") = "SuperShopMobile.Android", "SuperShopMobile\SuperShopMobile.Android\SuperShopMobile.Android.csproj", "{C7694A68-9558-4526-A542-49D52A753D34}"
EndProject
Project("{FAE04EC0-301F-11D3-BF4B-00C04F79EFBC}") = "SuperShopMobile.iOS", "SuperShopMobile\SuperShopMobile.iOS\SuperShopMobile.iOS.csproj", "{E0C6951B-529C-4F2E-A234-680CB2193A85}"
EndProject
Global
	GlobalSection(SolutionConfigurationPlatforms) = preSolution
		Ad-Hoc|Any CPU = Ad-Hoc|Any CPU
		Ad-Hoc|iPhone = Ad-Hoc|iPhone
		Ad-Hoc|iPhoneSimulator = Ad-Hoc|iPhoneSimulator
		AppStore|Any CPU = AppStore|Any CPU
		AppStore|iPhone = AppStore|iPhone
		AppStore|iPhoneSimulator = AppStore|iPhoneSimulator
		Debug|Any CPU = Debug|Any CPU
		Debug|iPhone = Debug|iPhone
		Debug|iPhoneSimulator = Debug|iPhoneSimulator
		Release|Any CPU = Release|Any CPU
		Release|iPhone = Release|iPhone
		Release|iPhoneSimulator = Release|iPhoneSimulator
	EndGlobalSection
	GlobalSection(ProjectConfigurationPlatforms) = postSolution
		{BA9B8D64-2A1B-48A8-9906-D7CED92CA92E}.Ad-Hoc|Any CPU.ActiveCfg = Release|Any CPU
		{BA9B8D64-2A1B-48A8-9906-D7CED92CA92E}.Ad-Hoc|Any CPU.Build.0 = Release|Any CPU
		{BA9B8D64-2A1B-48A8-9906-D7CED92CA92E}.Ad-Hoc|iPhone.ActiveCfg = Release|Any CPU
		{BA9B8D64-2A1B-48A8-9906-D7CED92CA92E}.Ad-Hoc|iPhone.Build.0 = Release|Any CPU
		{BA9B8D64-2A1B-48A8-9906-D7CED92CA92E}.Ad-Hoc|iPhoneSimulator.ActiveCfg = Release|Any CPU
		{BA9B8D64-2A1B-48A8-9906-D7CED92CA92E}.Ad-Hoc|iPhoneSimulator.Build.0 = Release|Any CPU
		{BA9B8D64-2A1B-48A8-9906-D7CED92CA92E}.AppStore|Any CPU.ActiveCfg = Release|Any CPU
		{BA9B8D64-2A1B-48A8-9906-D7CED92CA92E}.AppStore|Any CPU.Build.0 = Release|Any CPU
		{BA9B8D64-2A1B-48A8-9906-D7CED92CA92E}.AppStore|iPhone.ActiveCfg = Release|Any CPU
		{BA9B8D64-2A1B-48A8-9906-D7CED92CA92E}.AppStore|iPhone.Build.0 = Release|Any CPU
		{BA9B8D64-2A1B-48A8-9906-D7CED92CA92E}.AppStore|iPhoneSimulator.ActiveCfg = Release|Any CPU
		{BA9B8D64-2A1B-48A8-9906-D7CED92CA92E}.AppStore|iPhoneSimulator.Build.0 = Release|Any CPU
		{BA9B8D64-2A1B-48A8-9906-D7CED92CA92E}.Debug|Any CPU.ActiveCfg = Debug|Any CPU
		{BA9B8D64-2A1B-48A8-9906-D7CED92CA92E}.Debug|Any CPU.Build.0 = Debug|Any CPU
		{BA9B8D64-2A1B-48A8-9906-D7CED92CA92E}.Debug|iPhone.ActiveCfg = Debug|Any CPU
		{BA9B8D64-2A1B-48A8-9906-D7CED92CA92E}.Debug|iPhone.Build.0 = Debug|Any CPU
		{BA9B8D64-2A1B-48A8-9906-D7CED92CA92E}.Debug|iPhoneSimulator.ActiveCfg = Debug|Any CPU
		{BA9B8D64-2A1B-48A8-9906-D7CED92CA92E}.Debug|iPhoneSimulator.Build.0 = Debug|Any CPU
		{BA9B8D64-2A1B-48A8-9906-D7CED92CA92E}.Release|Any CPU.ActiveCfg = Release|Any CPU
		{BA9B8D64-2A1B-48A8-9906-D7CED92CA92E}.Release|Any CPU.Build.0 = Release|Any CPU
		{BA9B8D64-2A1B-48A8-9906-D7CED92CA92E}.Release|iPhone.ActiveCfg = Release|Any CPU
		{BA9B8D64-2A1B-48A8-9906-D7CED92CA92E}.Release|iPhone.Build.0 = Release|Any CPU
		{BA9B8D64-2A1B-48A8-9906-D7CED92CA92E}.Release|iPhoneSimulator.ActiveCfg = Release|Any CPU
		{BA9B8D64-2A1B-48A8-9906-D7CED92CA92E}.Release|iPhoneSimulator.Build.0 = Release|Any CPU
		{2BD0F79F-4C42-49B2-B746-C02308006D3F}.Ad-Hoc|Any CPU.ActiveCfg = Debug|Any CPU
		{2BD0F79F-4C42-49B2-B746-C02308006D3F}.Ad-Hoc|Any CPU.Build.0 = Debug|Any CPU
		{2BD0F79F-4C42-49B2-B746-C02308006D3F}.Ad-Hoc|iPhone.ActiveCfg = Debug|Any CPU
		{2BD0F79F-4C42-49B2-B746-C02308006D3F}.Ad-Hoc|iPhone.Build.0 = Debug|Any CPU
		{2BD0F79F-4C42-49B2-B746-C02308006D3F}.Ad-Hoc|iPhoneSimulator.ActiveCfg = Debug|Any CPU
		{2BD0F79F-4C42-49B2-B746-C02308006D3F}.Ad-Hoc|iPhoneSimulator.Build.0 = Debug|Any CPU
		{2BD0F79F-4C42-49B2-B746-C02308006D3F}.AppStore|Any CPU.ActiveCfg = Debug|Any CPU
		{2BD0F79F-4C42-49B2-B746-C02308006D3F}.AppStore|Any CPU.Build.0 = Debug|Any CPU
		{2BD0F79F-4C42-49B2-B746-C02308006D3F}.AppStore|iPhone.ActiveCfg = Debug|Any CPU
		{2BD0F79F-4C42-49B2-B746-C02308006D3F}.AppStore|iPhone.Build.0 = Debug|Any CPU
		{2BD0F79F-4C42-49B2-B746-C02308006D3F}.AppStore|iPhoneSimulator.ActiveCfg = Debug|Any CPU
		{2BD0F79F-4C42-49B2-B746-C02308006D3F}.AppStore|iPhoneSimulator.Build.0 = Debug|Any CPU
		{2BD0F79F-4C42-49B2-B746-C02308006D3F}.Debug|Any CPU.ActiveCfg = Debug|Any CPU
		{2BD0F79F-4C42-49B2-B746-C02308006D3F}.Debug|Any CPU.Build.0 = Debug|Any CPU
		{2BD0F79F-4C42-49B2-B746-C02308006D3F}.Debug|iPhone.ActiveCfg = Debug|Any CPU
		{2BD0F79F-4C42-49B2-B746-C02308006D3F}.Debug|iPhone.Build.0 = Debug|Any CPU
		{2BD0F79F-4C42-49B2-B746-C02308006D3F}.Debug|iPhoneSimulator.ActiveCfg = Debug|Any CPU
		{2BD0F79F-4C42-49B2-B746-C02308006D3F}.Debug|iPhoneSimulator.Build.0 = Debug|Any CPU
		{2BD0F79F-4C42-49B2-B746-C02308006D3F}.Release|Any CPU.ActiveCfg = Release|Any CPU
		{2BD0F79F-4C42-49B2-B746-C02308006D3F}.Release|Any CPU.Build.0 = Release|Any CPU
		{2BD0F79F-4C42-49B2-B746-C02308006D3F}.Release|iPhone.ActiveCfg = Release|Any CPU
		{2BD0F79F-4C42-49B2-B746-C02308006D3F}.Release|iPhone.Build.0 = Release|Any CPU
		{2BD0F79F-4C42-49B2-B746-C02308006D3F}.Release|iPhoneSimulator.ActiveCfg = Release|Any CPU
		{2BD0F79F-4C42-49B2-B746-C02308006D3F}.Release|iPhoneSimulator.Build.0 = Release|Any CPU
		{C7694A68-9558-4526-A542-49D52A753D34}.Ad-Hoc|Any CPU.ActiveCfg = Debug|Any CPU
		{C7694A68-9558-4526-A542-49D52A753D34}.Ad-Hoc|Any CPU.Build.0 = Debug|Any CPU
		{C7694A68-9558-4526-A542-49D52A753D34}.Ad-Hoc|Any CPU.Deploy.0 = Debug|Any CPU
		{C7694A68-9558-4526-A542-49D52A753D34}.Ad-Hoc|iPhone.ActiveCfg = Debug|Any CPU
		{C7694A68-9558-4526-A542-49D52A753D34}.Ad-Hoc|iPhone.Build.0 = Debug|Any CPU
		{C7694A68-9558-4526-A542-49D52A753D34}.Ad-Hoc|iPhone.Deploy.0 = Debug|Any CPU
		{C7694A68-9558-4526-A542-49D52A753D34}.Ad-Hoc|iPhoneSimulator.ActiveCfg = Debug|Any CPU
		{C7694A68-9558-4526-A542-49D52A753D34}.Ad-Hoc|iPhoneSimulator.Build.0 = Debug|Any CPU
		{C7694A68-9558-4526-A542-49D52A753D34}.Ad-Hoc|iPhoneSimulator.Deploy.0 = Debug|Any CPU
		{C7694A68-9558-4526-A542-49D52A753D34}.AppStore|Any CPU.ActiveCfg = Debug|Any CPU
		{C7694A68-9558-4526-A542-49D52A753D34}.AppStore|Any CPU.Build.0 = Debug|Any CPU
		{C7694A68-9558-4526-A542-49D52A753D34}.AppStore|Any CPU.Deploy.0 = Debug|Any CPU
		{C7694A68-9558-4526-A542-49D52A753D34}.AppStore|iPhone.ActiveCfg = Debug|Any CPU
		{C7694A68-9558-4526-A542-49D52A753D34}.AppStore|iPhone.Build.0 = Debug|Any CPU
		{C7694A68-9558-4526-A542-49D52A753D34}.AppStore|iPhone.Deploy.0 = Debug|Any CPU
		{C7694A68-9558-4526-A542-49D52A753D34}.AppStore|iPhoneSimulator.ActiveCfg = Debug|Any CPU
		{C7694A68-9558-4526-A542-49D52A753D34}.AppStore|iPhoneSimulator.Build.0 = Debug|Any CPU
		{C7694A68-9558-4526-A542-49D52A753D34}.AppStore|iPhoneSimulator.Deploy.0 = Debug|Any CPU
		{C7694A68-9558-4526-A542-49D52A753D34}.Debug|Any CPU.ActiveCfg = Debug|Any CPU
		{C7694A68-9558-4526-A542-49D52A753D34}.Debug|Any CPU.Build.0 = Debug|Any CPU
		{C7694A68-9558-4526-A542-49D52A753D34}.Debug|Any CPU.Deploy.0 = Debug|Any CPU
		{C7694A68-9558-4526-A542-49D52A753D34}.Debug|iPhone.ActiveCfg = Debug|Any CPU
		{C7694A68-9558-4526-A542-49D52A753D34}.Debug|iPhone.Build.0 = Debug|Any CPU
		{C7694A68-9558-4526-A542-49D52A753D34}.Debug|iPhone.Deploy.0 = Debug|Any CPU
		{C7694A68-9558-4526-A542-49D52A753D34}.Debug|iPhoneSimulator.ActiveCfg = Debug|Any CPU
		{C7694A68-9558-4526-A542-49D52A753D34}.Debug|iPhoneSimulator.Build.0 = Debug|Any CPU
		{C7694A68-9558-4526-A542-49D52A753D34}.Debug|iPhoneSimulator.Deploy.0 = Debug|Any CPU
		{C7694A68-9558-4526-A542-49D52A753D34}.Release|Any CPU.ActiveCfg = Release|Any CPU
		{C7694A68-9558-4526-A542-49D52A753D34}.Release|Any CPU.Build.0 = Release|Any CPU
		{C7694A68-9558-4526-A542-49D52A753D34}.Release|Any CPU.Deploy.0 = Release|Any CPU
		{C7694A68-9558-4526-A542-49D52A753D34}.Release|iPhone.ActiveCfg = Release|Any CPU
		{C7694A68-9558-4526-A542-49D52A753D34}.Release|iPhone.Build.0 = Release|Any CPU
		{C7694A68-9558-4526-A542-49D52A753D34}.Release|iPhone.Deploy.0 = Release|Any CPU
		{C7694A68-9558-4526-A542-49D52A753D34}.Release|iPhoneSimulator.ActiveCfg = Release|Any CPU
		{C7694A68-9558-4526-A542-49D52A753D34}.Release|iPhoneSimulator.Build.0 = Release|Any CPU
		{C7694A68-9558-4526-A542-49D52A753D34}.Release|iPhoneSimulator.Deploy.0 = Release|Any CPU
		{E0C6951B-529C-4F2E-A234-680CB2193A85}.Ad-Hoc|Any CPU.ActiveCfg = Ad-Hoc|iPhoneSimulator
		{E0C6951B-529C-4F2E-A234-680CB2193A85}.Ad-Hoc|Any CPU.Build.0 = Ad-Hoc|iPhoneSimulator
		{E0C6951B-529C-4F2E-A234-680CB2193A85}.Ad-Hoc|iPhone.ActiveCfg = Ad-Hoc|iPhone
		{E0C6951B-529C-4F2E-A234-680CB2193A85}.Ad-Hoc|iPhone.Build.0 = Ad-Hoc|iPhone
		{E0C6951B-529C-4F2E-A234-680CB2193A85}.Ad-Hoc|iPhoneSimulator.ActiveCfg = Ad-Hoc|iPhoneSimulator
		{E0C6951B-529C-4F2E-A234-680CB2193A85}.Ad-Hoc|iPhoneSimulator.Build.0 = Ad-Hoc|iPhoneSimulator
		{E0C6951B-529C-4F2E-A234-680CB2193A85}.AppStore|Any CPU.ActiveCfg = AppStore|iPhoneSimulator
		{E0C6951B-529C-4F2E-A234-680CB2193A85}.AppStore|Any CPU.Build.0 = AppStore|iPhoneSimulator
		{E0C6951B-529C-4F2E-A234-680CB2193A85}.AppStore|iPhone.ActiveCfg = AppStore|iPhone
		{E0C6951B-529C-4F2E-A234-680CB2193A85}.AppStore|iPhone.Build.0 = AppStore|iPhone
		{E0C6951B-529C-4F2E-A234-680CB2193A85}.AppStore|iPhoneSimulator.ActiveCfg = AppStore|iPhoneSimulator
		{E0C6951B-529C-4F2E-A234-680CB2193A85}.AppStore|iPhoneSimulator.Build.0 = AppStore|iPhoneSimulator
		{E0C6951B-529C-4F2E-A234-680CB2193A85}.Debug|Any CPU.ActiveCfg = Debug|iPhoneSimulator
		{E0C6951B-529C-4F2E-A234-680CB2193A85}.Debug|Any CPU.Build.0 = Debug|iPhoneSimulator
		{E0C6951B-529C-4F2E-A234-680CB2193A85}.Debug|iPhone.ActiveCfg = Debug|iPhone
		{E0C6951B-529C-4F2E-A234-680CB2193A85}.Debug|iPhone.Build.0 = Debug|iPhone
		{E0C6951B-529C-4F2E-A234-680CB2193A85}.Debug|iPhoneSimulator.ActiveCfg = Debug|iPhoneSimulator
		{E0C6951B-529C-4F2E-A234-680CB2193A85}.Debug|iPhoneSimulator.Build.0 = Debug|iPhoneSimulator
		{E0C6951B-529C-4F2E-A234-680CB2193A85}.Release|Any CPU.ActiveCfg = Release|iPhoneSimulator
		{E0C6951B-529C-4F2E-A234-680CB2193A85}.Release|Any CPU.Build.0 = Release|iPhoneSimulator
		{E0C6951B-529C-4F2E-A234-680CB2193A85}.Release|iPhone.ActiveCfg = Release|iPhone
		{E0C6951B-529C-4F2E-A234-680CB2193A85}.Release|iPhone.Build.0 = Release|iPhone
		{E0C6951B-529C-4F2E-A234-680CB2193A85}.Release|iPhoneSimulator.ActiveCfg = Release|iPhoneSimulator
		{E0C6951B-529C-4F2E-A234-680CB2193A85}.Release|iPhoneSimulator.Build.0 = Release|iPhoneSimulator
	EndGlobalSection
	GlobalSection(SolutionProperties) = preSolution
		HideSolutionNode = FALSE
	EndGlobalSection
	GlobalSection(ExtensibilityGlobals) = postSolution
		SolutionGuid = {B2737914-EB3D-487F-B3EF-C2600E14017F}
	EndGlobalSection
EndGlobal
